
Microsoft Visual Studio Solution File, Format Version 12.00
# Visual Studio Version 17
VisualStudioVersion = 17.7.34031.279
MinimumVisualStudioVersion = 10.0.40219.1
Project("{FAE04EC0-301F-11D3-BF4B-00C04F79EFBC}") = "WpfApp3", "WpfApp3\WpfApp3.csproj", "{FE14D407-1678-4982-BF52-A608488A6510}"
EndProject
Global
	GlobalSection(SolutionConfigurationPlatforms) = preSolution
		Debug|Any CPU = Debug|Any CPU
		Release|Any CPU = Release|Any CPU
	EndGlobalSection
	GlobalSection(ProjectConfigurationPlatforms) = postSolution
		{FE14D407-1678-4982-BF52-A608488A6510}.Debug|Any CPU.ActiveCfg = Debug|Any CPU
		{FE14D407-1678-4982-BF52-A608488A6510}.Debug|Any CPU.Build.0 = Debug|Any CPU
		{FE14D407-1678-4982-BF52-A608488A6510}.Release|Any CPU.ActiveCfg = Release|Any CPU
		{FE14D407-1678-4982-BF52-A608488A6510}.Release|Any CPU.Build.0 = Release|Any CPU
	EndGlobalSection
	GlobalSection(SolutionProperties) = preSolution
		HideSolutionNode = FALSE
	EndGlobalSection
	GlobalSection(ExtensibilityGlobals) = postSolution
		SolutionGuid = {A13B2DBA-1BD2-4A2E-B434-F5C79B8E68BE}
	EndGlobalSection
EndGlobal
